// !$*UTF8*$!
{
	archiveVersion = 1;
	classes = {
	};
	objectVersion = 55;
	objects = {

/* Begin PBXBuildFile section */
		E70AFF0529AF8BD500B86E0A /* CombineStudyApp.swift in Sources */ = {isa = PBXBuildFile; fileRef = E70AFF0429AF8BD500B86E0A /* CombineStudyApp.swift */; };
		E70AFF0729AF8BD500B86E0A /* ContentView.swift in Sources */ = {isa = PBXBuildFile; fileRef = E70AFF0629AF8BD500B86E0A /* ContentView.swift */; };
		E70AFF0929AF8BD600B86E0A /* Assets.xcassets in Resources */ = {isa = PBXBuildFile; fileRef = E70AFF0829AF8BD600B86E0A /* Assets.xcassets */; };
		E70AFF0C29AF8BD600B86E0A /* Preview Assets.xcassets in Resources */ = {isa = PBXBuildFile; fileRef = E70AFF0B29AF8BD600B86E0A /* Preview Assets.xcassets */; };
		E70AFF1629AF8BD600B86E0A /* CombineStudyAppTests.swift in Sources */ = {isa = PBXBuildFile; fileRef = E70AFF1529AF8BD600B86E0A /* CombineStudyAppTests.swift */; };
		E70AFF2029AF8BD600B86E0A /* CombineStudyAppUITests.swift in Sources */ = {isa = PBXBuildFile; fileRef = E70AFF1F29AF8BD600B86E0A /* CombineStudyAppUITests.swift */; };
		E70AFF2229AF8BD600B86E0A /* CombineStudyAppUITestsLaunchTests.swift in Sources */ = {isa = PBXBuildFile; fileRef = E70AFF2129AF8BD600B86E0A /* CombineStudyAppUITestsLaunchTests.swift */; };
		E70AFF3029AF8CBB00B86E0A /* Kingfisher in Frameworks */ = {isa = PBXBuildFile; productRef = E70AFF2F29AF8CBB00B86E0A /* Kingfisher */; };
		E7F1CAAE29AF8D5000982C01 /* RxBlocking in Frameworks */ = {isa = PBXBuildFile; productRef = E7F1CAAD29AF8D5000982C01 /* RxBlocking */; };
		E7F1CAB029AF8D5000982C01 /* RxCocoa in Frameworks */ = {isa = PBXBuildFile; productRef = E7F1CAAF29AF8D5000982C01 /* RxCocoa */; };
		E7F1CAB229AF8D5000982C01 /* RxRelay in Frameworks */ = {isa = PBXBuildFile; productRef = E7F1CAB129AF8D5000982C01 /* RxRelay */; };
		E7F1CAB429AF8D5000982C01 /* RxSwift in Frameworks */ = {isa = PBXBuildFile; productRef = E7F1CAB329AF8D5000982C01 /* RxSwift */; };
/* End PBXBuildFile section */

/* Begin PBXContainerItemProxy section */
		E70AFF1229AF8BD600B86E0A /* PBXContainerItemProxy */ = {
			isa = PBXContainerItemProxy;
			containerPortal = E70AFEF929AF8BD500B86E0A /* Project object */;
			proxyType = 1;
			remoteGlobalIDString = E70AFF0029AF8BD500B86E0A;
			remoteInfo = CombineStudyApp;
		};
		E70AFF1C29AF8BD600B86E0A /* PBXContainerItemProxy */ = {
			isa = PBXContainerItemProxy;
			containerPortal = E70AFEF929AF8BD500B86E0A /* Project object */;
			proxyType = 1;
			remoteGlobalIDString = E70AFF0029AF8BD500B86E0A;
			remoteInfo = CombineStudyApp;
		};
/* End PBXContainerItemProxy section */

/* Begin PBXFileReference section */
		E70AFF0129AF8BD500B86E0A /* CombineStudyApp.app */ = {isa = PBXFileReference; explicitFileType = wrapper.application; includeInIndex = 0; path = CombineStudyApp.app; sourceTree = BUILT_PRODUCTS_DIR; };
		E70AFF0429AF8BD500B86E0A /* CombineStudyApp.swift */ = {isa = PBXFileReference; lastKnownFileType = sourcecode.swift; path = CombineStudyApp.swift; sourceTree = "<group>"; };
		E70AFF0629AF8BD500B86E0A /* ContentView.swift */ = {isa = PBXFileReference; lastKnownFileType = sourcecode.swift; path = ContentView.swift; sourceTree = "<group>"; };
		E70AFF0829AF8BD600B86E0A /* Assets.xcassets */ = {isa = PBXFileReference; lastKnownFileType = folder.assetcatalog; path = Assets.xcassets; sourceTree = "<group>"; };
		E70AFF0B29AF8BD600B86E0A /* Preview Assets.xcassets */ = {isa = PBXFileReference; lastKnownFileType = folder.assetcatalog; path = "Preview Assets.xcassets"; sourceTree = "<group>"; };
		E70AFF1129AF8BD600B86E0A /* CombineStudyAppTests.xctest */ = {isa = PBXFileReference; explicitFileType = wrapper.cfbundle; includeInIndex = 0; path = CombineStudyAppTests.xctest; sourceTree = BUILT_PRODUCTS_DIR; };
		E70AFF1529AF8BD600B86E0A /* CombineStudyAppTests.swift */ = {isa = PBXFileReference; lastKnownFileType = sourcecode.swift; path = CombineStudyAppTests.swift; sourceTree = "<group>"; };
		E70AFF1B29AF8BD600B86E0A /* CombineStudyAppUITests.xctest */ = {isa = PBXFileReference; explicitFileType = wrapper.cfbundle; includeInIndex = 0; path = CombineStudyAppUITests.xctest; sourceTree = BUILT_PRODUCTS_DIR; };
		E70AFF1F29AF8BD600B86E0A /* CombineStudyAppUITests.swift */ = {isa = PBXFileReference; lastKnownFileType = sourcecode.swift; path = CombineStudyAppUITests.swift; sourceTree = "<group>"; };
		E70AFF2129AF8BD600B86E0A /* CombineStudyAppUITestsLaunchTests.swift */ = {isa = PBXFileReference; lastKnownFileType = sourcecode.swift; path = CombineStudyAppUITestsLaunchTests.swift; sourceTree = "<group>"; };
/* End PBXFileReference section */

/* Begin PBXFrameworksBuildPhase section */
		E70AFEFE29AF8BD500B86E0A /* Frameworks */ = {
			isa = PBXFrameworksBuildPhase;
			buildActionMask = 2147483647;
			files = (
				E7F1CAB029AF8D5000982C01 /* RxCocoa in Frameworks */,
				E70AFF3029AF8CBB00B86E0A /* Kingfisher in Frameworks */,
				E7F1CAB429AF8D5000982C01 /* RxSwift in Frameworks */,
				E7F1CAB229AF8D5000982C01 /* RxRelay in Frameworks */,
				E7F1CAAE29AF8D5000982C01 /* RxBlocking in Frameworks */,
			);
			runOnlyForDeploymentPostprocessing = 0;
		};
		E70AFF0E29AF8BD600B86E0A /* Frameworks */ = {
			isa = PBXFrameworksBuildPhase;
			buildActionMask = 2147483647;
			files = (
			);
			runOnlyForDeploymentPostprocessing = 0;
		};
		E70AFF1829AF8BD600B86E0A /* Frameworks */ = {
			isa = PBXFrameworksBuildPhase;
			buildActionMask = 2147483647;
			files = (
			);
			runOnlyForDeploymentPostprocessing = 0;
		};
/* End PBXFrameworksBuildPhase section */

/* Begin PBXGroup section */
		E70AFEF829AF8BD500B86E0A = {
			isa = PBXGroup;
			children = (
				E70AFF0329AF8BD500B86E0A /* CombineStudyApp */,
				E70AFF1429AF8BD600B86E0A /* CombineStudyAppTests */,
				E70AFF1E29AF8BD600B86E0A /* CombineStudyAppUITests */,
				E70AFF0229AF8BD500B86E0A /* Products */,
			);
			sourceTree = "<group>";
		};
		E70AFF0229AF8BD500B86E0A /* Products */ = {
			isa = PBXGroup;
			children = (
				E70AFF0129AF8BD500B86E0A /* CombineStudyApp.app */,
				E70AFF1129AF8BD600B86E0A /* CombineStudyAppTests.xctest */,
				E70AFF1B29AF8BD600B86E0A /* CombineStudyAppUITests.xctest */,
			);
			name = Products;
			sourceTree = "<group>";
		};
		E70AFF0329AF8BD500B86E0A /* CombineStudyApp */ = {
			isa = PBXGroup;
			children = (
				E7F1CAB529AF8E2C00982C01 /* FirstExample */,
				E70AFF0429AF8BD500B86E0A /* CombineStudyApp.swift */,
				E70AFF0629AF8BD500B86E0A /* ContentView.swift */,
				E70AFF0829AF8BD600B86E0A /* Assets.xcassets */,
				E70AFF0A29AF8BD600B86E0A /* Preview Content */,
			);
			path = CombineStudyApp;
			sourceTree = "<group>";
		};
		E70AFF0A29AF8BD600B86E0A /* Preview Content */ = {
			isa = PBXGroup;
			children = (
				E70AFF0B29AF8BD600B86E0A /* Preview Assets.xcassets */,
			);
			path = "Preview Content";
			sourceTree = "<group>";
		};
		E70AFF1429AF8BD600B86E0A /* CombineStudyAppTests */ = {
			isa = PBXGroup;
			children = (
				E70AFF1529AF8BD600B86E0A /* CombineStudyAppTests.swift */,
			);
			path = CombineStudyAppTests;
			sourceTree = "<group>";
		};
		E70AFF1E29AF8BD600B86E0A /* CombineStudyAppUITests */ = {
			isa = PBXGroup;
			children = (
				E70AFF1F29AF8BD600B86E0A /* CombineStudyAppUITests.swift */,
				E70AFF2129AF8BD600B86E0A /* CombineStudyAppUITestsLaunchTests.swift */,
			);
			path = CombineStudyAppUITests;
			sourceTree = "<group>";
		};
		E7F1CAB529AF8E2C00982C01 /* FirstExample */ = {
			isa = PBXGroup;
			children = (
			);
			path = FirstExample;
			sourceTree = "<group>";
		};
/* End PBXGroup section */

/* Begin PBXNativeTarget section */
		E70AFF0029AF8BD500B86E0A /* CombineStudyApp */ = {
			isa = PBXNativeTarget;
			buildConfigurationList = E70AFF2529AF8BD600B86E0A /* Build configuration list for PBXNativeTarget "CombineStudyApp" */;
			buildPhases = (
				E70AFEFD29AF8BD500B86E0A /* Sources */,
				E70AFEFE29AF8BD500B86E0A /* Frameworks */,
				E70AFEFF29AF8BD500B86E0A /* Resources */,
			);
			buildRules = (
			);
			dependencies = (
			);
			name = CombineStudyApp;
			packageProductDependencies = (
				E70AFF2F29AF8CBB00B86E0A /* Kingfisher */,
				E7F1CAAD29AF8D5000982C01 /* RxBlocking */,
				E7F1CAAF29AF8D5000982C01 /* RxCocoa */,
				E7F1CAB129AF8D5000982C01 /* RxRelay */,
				E7F1CAB329AF8D5000982C01 /* RxSwift */,
			);
			productName = CombineStudyApp;
			productReference = E70AFF0129AF8BD500B86E0A /* CombineStudyApp.app */;
			productType = "com.apple.product-type.application";
		};
		E70AFF1029AF8BD600B86E0A /* CombineStudyAppTests */ = {
			isa = PBXNativeTarget;
			buildConfigurationList = E70AFF2829AF8BD600B86E0A /* Build configuration list for PBXNativeTarget "CombineStudyAppTests" */;
			buildPhases = (
				E70AFF0D29AF8BD600B86E0A /* Sources */,
				E70AFF0E29AF8BD600B86E0A /* Frameworks */,
				E70AFF0F29AF8BD600B86E0A /* Resources */,
			);
			buildRules = (
			);
			dependencies = (
				E70AFF1329AF8BD600B86E0A /* PBXTargetDependency */,
			);
			name = CombineStudyAppTests;
			productName = CombineStudyAppTests;
			productReference = E70AFF1129AF8BD600B86E0A /* CombineStudyAppTests.xctest */;
			productType = "com.apple.product-type.bundle.unit-test";
		};
		E70AFF1A29AF8BD600B86E0A /* CombineStudyAppUITests */ = {
			isa = PBXNativeTarget;
			buildConfigurationList = E70AFF2B29AF8BD600B86E0A /* Build configuration list for PBXNativeTarget "CombineStudyAppUITests" */;
			buildPhases = (
				E70AFF1729AF8BD600B86E0A /* Sources */,
				E70AFF1829AF8BD600B86E0A /* Frameworks */,
				E70AFF1929AF8BD600B86E0A /* Resources */,
			);
			buildRules = (
			);
			dependencies = (
				E70AFF1D29AF8BD600B86E0A /* PBXTargetDependency */,
			);
			name = CombineStudyAppUITests;
			productName = CombineStudyAppUITests;
			productReference = E70AFF1B29AF8BD600B86E0A /* CombineStudyAppUITests.xctest */;
			productType = "com.apple.product-type.bundle.ui-testing";
		};
/* End PBXNativeTarget section */

/* Begin PBXProject section */
		E70AFEF929AF8BD500B86E0A /* Project object */ = {
			isa = PBXProject;
			attributes = {
				BuildIndependentTargetsInParallel = 1;
				LastSwiftUpdateCheck = 1320;
				LastUpgradeCheck = 1320;
				TargetAttributes = {
					E70AFF0029AF8BD500B86E0A = {
						CreatedOnToolsVersion = 13.2.1;
					};
					E70AFF1029AF8BD600B86E0A = {
						CreatedOnToolsVersion = 13.2.1;
						TestTargetID = E70AFF0029AF8BD500B86E0A;
					};
					E70AFF1A29AF8BD600B86E0A = {
						CreatedOnToolsVersion = 13.2.1;
						TestTargetID = E70AFF0029AF8BD500B86E0A;
					};
				};
			};
			buildConfigurationList = E70AFEFC29AF8BD500B86E0A /* Build configuration list for PBXProject "CombineStudyApp" */;
			compatibilityVersion = "Xcode 13.0";
			developmentRegion = en;
			hasScannedForEncodings = 0;
			knownRegions = (
				en,
				Base,
			);
			mainGroup = E70AFEF829AF8BD500B86E0A;
			packageReferences = (
				E70AFF2E29AF8CBB00B86E0A /* XCRemoteSwiftPackageReference "Kingfisher" */,
				E7F1CAAC29AF8D5000982C01 /* XCRemoteSwiftPackageReference "RxSwift" */,
			);
			productRefGroup = E70AFF0229AF8BD500B86E0A /* Products */;
			projectDirPath = "";
			projectRoot = "";
			targets = (
				E70AFF0029AF8BD500B86E0A /* CombineStudyApp */,
				E70AFF1029AF8BD600B86E0A /* CombineStudyAppTests */,
				E70AFF1A29AF8BD600B86E0A /* CombineStudyAppUITests */,
			);
		};
/* End PBXProject section */

/* Begin PBXResourcesBuildPhase section */
		E70AFEFF29AF8BD500B86E0A /* Resources */ = {
			isa = PBXResourcesBuildPhase;
			buildActionMask = 2147483647;
			files = (
				E70AFF0C29AF8BD600B86E0A /* Preview Assets.xcassets in Resources */,
				E70AFF0929AF8BD600B86E0A /* Assets.xcassets in Resources */,
			);
			runOnlyForDeploymentPostprocessing = 0;
		};
		E70AFF0F29AF8BD600B86E0A /* Resources */ = {
			isa = PBXResourcesBuildPhase;
			buildActionMask = 2147483647;
			files = (
			);
			runOnlyForDeploymentPostprocessing = 0;
		};
		E70AFF1929AF8BD600B86E0A /* Resources */ = {
			isa = PBXResourcesBuildPhase;
			buildActionMask = 2147483647;
			files = (
			);
			runOnlyForDeploymentPostprocessing = 0;
		};
/* End PBXResourcesBuildPhase section */

/* Begin PBXSourcesBuildPhase section */
		E70AFEFD29AF8BD500B86E0A /* Sources */ = {
			isa = PBXSourcesBuildPhase;
			buildActionMask = 2147483647;
			files = (
				E70AFF0729AF8BD500B86E0A /* ContentView.swift in Sources */,
				E70AFF0529AF8BD500B86E0A /* CombineStudyApp.swift in Sources */,
			);
			runOnlyForDeploymentPostprocessing = 0;
		};
		E70AFF0D29AF8BD600B86E0A /* Sources */ = {
			isa = PBXSourcesBuildPhase;
			buildActionMask = 2147483647;
			files = (
				E70AFF1629AF8BD600B86E0A /* CombineStudyAppTests.swift in Sources */,
			);
			runOnlyForDeploymentPostprocessing = 0;
		};
		E70AFF1729AF8BD600B86E0A /* Sources */ = {
			isa = PBXSourcesBuildPhase;
			buildActionMask = 2147483647;
			files = (
				E70AFF2229AF8BD600B86E0A /* CombineStudyAppUITestsLaunchTests.swift in Sources */,
				E70AFF2029AF8BD600B86E0A /* CombineStudyAppUITests.swift in Sources */,
			);
			runOnlyForDeploymentPostprocessing = 0;
		};
/* End PBXSourcesBuildPhase section */

/* Begin PBXTargetDependency section */
		E70AFF1329AF8BD600B86E0A /* PBXTargetDependency */ = {
			isa = PBXTargetDependency;
			target = E70AFF0029AF8BD500B86E0A /* CombineStudyApp */;
			targetProxy = E70AFF1229AF8BD600B86E0A /* PBXContainerItemProxy */;
		};
		E70AFF1D29AF8BD600B86E0A /* PBXTargetDependency */ = {
			isa = PBXTargetDependency;
			target = E70AFF0029AF8BD500B86E0A /* CombineStudyApp */;
			targetProxy = E70AFF1C29AF8BD600B86E0A /* PBXContainerItemProxy */;
		};
/* End PBXTargetDependency section */

/* Begin XCBuildConfiguration section */
		E70AFF2329AF8BD600B86E0A /* Debug */ = {
			isa = XCBuildConfiguration;
			buildSettings = {
				ALWAYS_SEARCH_USER_PATHS = NO;
				CLANG_ANALYZER_NONNULL = YES;
				CLANG_ANALYZER_NUMBER_OBJECT_CONVERSION = YES_AGGRESSIVE;
				CLANG_CXX_LANGUAGE_STANDARD = "gnu++17";
				CLANG_CXX_LIBRARY = "libc++";
				CLANG_ENABLE_MODULES = YES;
				CLANG_ENABLE_OBJC_ARC = YES;
				CLANG_ENABLE_OBJC_WEAK = YES;
				CLANG_WARN_BLOCK_CAPTURE_AUTORELEASING = YES;
				CLANG_WARN_BOOL_CONVERSION = YES;
				CLANG_WARN_COMMA = YES;
				CLANG_WARN_CONSTANT_CONVERSION = YES;
				CLANG_WARN_DEPRECATED_OBJC_IMPLEMENTATIONS = YES;
				CLANG_WARN_DIRECT_OBJC_ISA_USAGE = YES_ERROR;
				CLANG_WARN_DOCUMENTATION_COMMENTS = YES;
				CLANG_WARN_EMPTY_BODY = YES;
				CLANG_WARN_ENUM_CONVERSION = YES;
				CLANG_WARN_INFINITE_RECURSION = YES;
				CLANG_WARN_INT_CONVERSION = YES;
				CLANG_WARN_NON_LITERAL_NULL_CONVERSION = YES;
				CLANG_WARN_OBJC_IMPLICIT_RETAIN_SELF = YES;
				CLANG_WARN_OBJC_LITERAL_CONVERSION = YES;
				CLANG_WARN_OBJC_ROOT_CLASS = YES_ERROR;
				CLANG_WARN_QUOTED_INCLUDE_IN_FRAMEWORK_HEADER = YES;
				CLANG_WARN_RANGE_LOOP_ANALYSIS = YES;
				CLANG_WARN_STRICT_PROTOTYPES = YES;
				CLANG_WARN_SUSPICIOUS_MOVE = YES;
				CLANG_WARN_UNGUARDED_AVAILABILITY = YES_AGGRESSIVE;
				CLANG_WARN_UNREACHABLE_CODE = YES;
				CLANG_WARN__DUPLICATE_METHOD_MATCH = YES;
				COPY_PHASE_STRIP = NO;
				DEBUG_INFORMATION_FORMAT = dwarf;
				ENABLE_STRICT_OBJC_MSGSEND = YES;
				ENABLE_TESTABILITY = YES;
				GCC_C_LANGUAGE_STANDARD = gnu11;
				GCC_DYNAMIC_NO_PIC = NO;
				GCC_NO_COMMON_BLOCKS = YES;
				GCC_OPTIMIZATION_LEVEL = 0;
				GCC_PREPROCESSOR_DEFINITIONS = (
					"DEBUG=1",
					"$(inherited)",
				);
				GCC_WARN_64_TO_32_BIT_CONVERSION = YES;
				GCC_WARN_ABOUT_RETURN_TYPE = YES_ERROR;
				GCC_WARN_UNDECLARED_SELECTOR = YES;
				GCC_WARN_UNINITIALIZED_AUTOS = YES_AGGRESSIVE;
				GCC_WARN_UNUSED_FUNCTION = YES;
				GCC_WARN_UNUSED_VARIABLE = YES;
				IPHONEOS_DEPLOYMENT_TARGET = 15.2;
				MTL_ENABLE_DEBUG_INFO = INCLUDE_SOURCE;
				MTL_FAST_MATH = YES;
				ONLY_ACTIVE_ARCH = YES;
				SDKROOT = iphoneos;
				SWIFT_ACTIVE_COMPILATION_CONDITIONS = DEBUG;
				SWIFT_OPTIMIZATION_LEVEL = "-Onone";
			};
			name = Debug;
		};
		E70AFF2429AF8BD600B86E0A /* Release */ = {
			isa = XCBuildConfiguration;
			buildSettings = {
				ALWAYS_SEARCH_USER_PATHS = NO;
				CLANG_ANALYZER_NONNULL = YES;
				CLANG_ANALYZER_NUMBER_OBJECT_CONVERSION = YES_AGGRESSIVE;
				CLANG_CXX_LANGUAGE_STANDARD = "gnu++17";
				CLANG_CXX_LIBRARY = "libc++";
				CLANG_ENABLE_MODULES = YES;
				CLANG_ENABLE_OBJC_ARC = YES;
				CLANG_ENABLE_OBJC_WEAK = YES;
				CLANG_WARN_BLOCK_CAPTURE_AUTORELEASING = YES;
				CLANG_WARN_BOOL_CONVERSION = YES;
				CLANG_WARN_COMMA = YES;
				CLANG_WARN_CONSTANT_CONVERSION = YES;
				CLANG_WARN_DEPRECATED_OBJC_IMPLEMENTATIONS = YES;
				CLANG_WARN_DIRECT_OBJC_ISA_USAGE = YES_ERROR;
				CLANG_WARN_DOCUMENTATION_COMMENTS = YES;
				CLANG_WARN_EMPTY_BODY = YES;
				CLANG_WARN_ENUM_CONVERSION = YES;
				CLANG_WARN_INFINITE_RECURSION = YES;
				CLANG_WARN_INT_CONVERSION = YES;
				CLANG_WARN_NON_LITERAL_NULL_CONVERSION = YES;
				CLANG_WARN_OBJC_IMPLICIT_RETAIN_SELF = YES;
				CLANG_WARN_OBJC_LITERAL_CONVERSION = YES;
				CLANG_WARN_OBJC_ROOT_CLASS = YES_ERROR;
				CLANG_WARN_QUOTED_INCLUDE_IN_FRAMEWORK_HEADER = YES;
				CLANG_WARN_RANGE_LOOP_ANALYSIS = YES;
				CLANG_WARN_STRICT_PROTOTYPES = YES;
				CLANG_WARN_SUSPICIOUS_MOVE = YES;
				CLANG_WARN_UNGUARDED_AVAILABILITY = YES_AGGRESSIVE;
				CLANG_WARN_UNREACHABLE_CODE = YES;
				CLANG_WARN__DUPLICATE_METHOD_MATCH = YES;
				COPY_PHASE_STRIP = NO;
				DEBUG_INFORMATION_FORMAT = "dwarf-with-dsym";
				ENABLE_NS_ASSERTIONS = NO;
				ENABLE_STRICT_OBJC_MSGSEND = YES;
				GCC_C_LANGUAGE_STANDARD = gnu11;
				GCC_NO_COMMON_BLOCKS = YES;
				GCC_WARN_64_TO_32_BIT_CONVERSION = YES;
				GCC_WARN_ABOUT_RETURN_TYPE = YES_ERROR;
				GCC_WARN_UNDECLARED_SELECTOR = YES;
				GCC_WARN_UNINITIALIZED_AUTOS = YES_AGGRESSIVE;
				GCC_WARN_UNUSED_FUNCTION = YES;
				GCC_WARN_UNUSED_VARIABLE = YES;
				IPHONEOS_DEPLOYMENT_TARGET = 15.2;
				MTL_ENABLE_DEBUG_INFO = NO;
				MTL_FAST_MATH = YES;
				SDKROOT = iphoneos;
				SWIFT_COMPILATION_MODE = wholemodule;
				SWIFT_OPTIMIZATION_LEVEL = "-O";
				VALIDATE_PRODUCT = YES;
			};
			name = Release;
		};
		E70AFF2629AF8BD600B86E0A /* Debug */ = {
			isa = XCBuildConfiguration;
			buildSettings = {
				ASSETCATALOG_COMPILER_APPICON_NAME = AppIcon;
				ASSETCATALOG_COMPILER_GLOBAL_ACCENT_COLOR_NAME = AccentColor;
				CODE_SIGN_STYLE = Automatic;
				CURRENT_PROJECT_VERSION = 1;
				DEVELOPMENT_ASSET_PATHS = "\"CombineStudyApp/Preview Content\"";
				DEVELOPMENT_TEAM = G68C9YJB28;
				ENABLE_PREVIEWS = YES;
				GENERATE_INFOPLIST_FILE = YES;
				INFOPLIST_KEY_UIApplicationSceneManifest_Generation = YES;
				INFOPLIST_KEY_UIApplicationSupportsIndirectInputEvents = YES;
				INFOPLIST_KEY_UILaunchScreen_Generation = YES;
				INFOPLIST_KEY_UISupportedInterfaceOrientations_iPad = "UIInterfaceOrientationPortrait UIInterfaceOrientationPortraitUpsideDown UIInterfaceOrientationLandscapeLeft UIInterfaceOrientationLandscapeRight";
				INFOPLIST_KEY_UISupportedInterfaceOrientations_iPhone = "UIInterfaceOrientationPortrait UIInterfaceOrientationLandscapeLeft UIInterfaceOrientationLandscapeRight";
				LD_RUNPATH_SEARCH_PATHS = (
					"$(inherited)",
					"@executable_path/Frameworks",
				);
				MARKETING_VERSION = 1.0;
				PRODUCT_BUNDLE_IDENTIFIER = Marcodevs.CombineStudyApp;
				PRODUCT_NAME = "$(TARGET_NAME)";
				SWIFT_EMIT_LOC_STRINGS = YES;
				SWIFT_VERSION = 5.0;
				TARGETED_DEVICE_FAMILY = "1,2";
			};
			name = Debug;
		};
		E70AFF2729AF8BD600B86E0A /* Release */ = {
			isa = XCBuildConfiguration;
			buildSettings = {
				ASSETCATALOG_COMPILER_APPICON_NAME = AppIcon;
				ASSETCATALOG_COMPILER_GLOBAL_ACCENT_COLOR_NAME = AccentColor;
				CODE_SIGN_STYLE = Automatic;
				CURRENT_PROJECT_VERSION = 1;
				DEVELOPMENT_ASSET_PATHS = "\"CombineStudyApp/Preview Content\"";
				DEVELOPMENT_TEAM = G68C9YJB28;
				ENABLE_PREVIEWS = YES;
				GENERATE_INFOPLIST_FILE = YES;
				INFOPLIST_KEY_UIApplicationSceneManifest_Generation = YES;
				INFOPLIST_KEY_UIApplicationSupportsIndirectInputEvents = YES;
				INFOPLIST_KEY_UILaunchScreen_Generation = YES;
				INFOPLIST_KEY_UISupportedInterfaceOrientations_iPad = "UIInterfaceOrientationPortrait UIInterfaceOrientationPortraitUpsideDown UIInterfaceOrientationLandscapeLeft UIInterfaceOrientationLandscapeRight";
				INFOPLIST_KEY_UISupportedInterfaceOrientations_iPhone = "UIInterfaceOrientationPortrait UIInterfaceOrientationLandscapeLeft UIInterfaceOrientationLandscapeRight";
				LD_RUNPATH_SEARCH_PATHS = (
					"$(inherited)",
					"@executable_path/Frameworks",
				);
				MARKETING_VERSION = 1.0;
				PRODUCT_BUNDLE_IDENTIFIER = Marcodevs.CombineStudyApp;
				PRODUCT_NAME = "$(TARGET_NAME)";
				SWIFT_EMIT_LOC_STRINGS = YES;
				SWIFT_VERSION = 5.0;
				TARGETED_DEVICE_FAMILY = "1,2";
			};
			name = Release;
		};
		E70AFF2929AF8BD600B86E0A /* Debug */ = {
			isa = XCBuildConfiguration;
			buildSettings = {
				ALWAYS_EMBED_SWIFT_STANDARD_LIBRARIES = YES;
				BUNDLE_LOADER = "$(TEST_HOST)";
				CODE_SIGN_STYLE = Automatic;
				CURRENT_PROJECT_VERSION = 1;
				DEVELOPMENT_TEAM = G68C9YJB28;
				GENERATE_INFOPLIST_FILE = YES;
				IPHONEOS_DEPLOYMENT_TARGET = 15.2;
				MARKETING_VERSION = 1.0;
				PRODUCT_BUNDLE_IDENTIFIER = Marcodevs.CombineStudyAppTests;
				PRODUCT_NAME = "$(TARGET_NAME)";
				SWIFT_EMIT_LOC_STRINGS = NO;
				SWIFT_VERSION = 5.0;
				TARGETED_DEVICE_FAMILY = "1,2";
				TEST_HOST = "$(BUILT_PRODUCTS_DIR)/CombineStudyApp.app/CombineStudyApp";
			};
			name = Debug;
		};
		E70AFF2A29AF8BD600B86E0A /* Release */ = {
			isa = XCBuildConfiguration;
			buildSettings = {
				ALWAYS_EMBED_SWIFT_STANDARD_LIBRARIES = YES;
				BUNDLE_LOADER = "$(TEST_HOST)";
				CODE_SIGN_STYLE = Automatic;
				CURRENT_PROJECT_VERSION = 1;
				DEVELOPMENT_TEAM = G68C9YJB28;
				GENERATE_INFOPLIST_FILE = YES;
				IPHONEOS_DEPLOYMENT_TARGET = 15.2;
				MARKETING_VERSION = 1.0;
				PRODUCT_BUNDLE_IDENTIFIER = Marcodevs.CombineStudyAppTests;
				PRODUCT_NAME = "$(TARGET_NAME)";
				SWIFT_EMIT_LOC_STRINGS = NO;
				SWIFT_VERSION = 5.0;
				TARGETED_DEVICE_FAMILY = "1,2";
				TEST_HOST = "$(BUILT_PRODUCTS_DIR)/CombineStudyApp.app/CombineStudyApp";
			};
			name = Release;
		};
		E70AFF2C29AF8BD600B86E0A /* Debug */ = {
			isa = XCBuildConfiguration;
			buildSettings = {
				ALWAYS_EMBED_SWIFT_STANDARD_LIBRARIES = YES;
				CODE_SIGN_STYLE = Automatic;
				CURRENT_PROJECT_VERSION = 1;
				DEVELOPMENT_TEAM = G68C9YJB28;
				GENERATE_INFOPLIST_FILE = YES;
				MARKETING_VERSION = 1.0;
				PRODUCT_BUNDLE_IDENTIFIER = Marcodevs.CombineStudyAppUITests;
				PRODUCT_NAME = "$(TARGET_NAME)";
				SWIFT_EMIT_LOC_STRINGS = NO;
				SWIFT_VERSION = 5.0;
				TARGETED_DEVICE_FAMILY = "1,2";
				TEST_TARGET_NAME = CombineStudyApp;
			};
			name = Debug;
		};
		E70AFF2D29AF8BD600B86E0A /* Release */ = {
			isa = XCBuildConfiguration;
			buildSettings = {
				ALWAYS_EMBED_SWIFT_STANDARD_LIBRARIES = YES;
				CODE_SIGN_STYLE = Automatic;
				CURRENT_PROJECT_VERSION = 1;
				DEVELOPMENT_TEAM = G68C9YJB28;
				GENERATE_INFOPLIST_FILE = YES;
				MARKETING_VERSION = 1.0;
				PRODUCT_BUNDLE_IDENTIFIER = Marcodevs.CombineStudyAppUITests;
				PRODUCT_NAME = "$(TARGET_NAME)";
				SWIFT_EMIT_LOC_STRINGS = NO;
				SWIFT_VERSION = 5.0;
				TARGETED_DEVICE_FAMILY = "1,2";
				TEST_TARGET_NAME = CombineStudyApp;
			};
			name = Release;
		};
/* End XCBuildConfiguration section */

/* Begin XCConfigurationList section */
		E70AFEFC29AF8BD500B86E0A /* Build configuration list for PBXProject "CombineStudyApp" */ = {
			isa = XCConfigurationList;
			buildConfigurations = (
				E70AFF2329AF8BD600B86E0A /* Debug */,
				E70AFF2429AF8BD600B86E0A /* Release */,
			);
			defaultConfigurationIsVisible = 0;
			defaultConfigurationName = Release;
		};
		E70AFF2529AF8BD600B86E0A /* Build configuration list for PBXNativeTarget "CombineStudyApp" */ = {
			isa = XCConfigurationList;
			buildConfigurations = (
				E70AFF2629AF8BD600B86E0A /* Debug */,
				E70AFF2729AF8BD600B86E0A /* Release */,
			);
			defaultConfigurationIsVisible = 0;
			defaultConfigurationName = Release;
		};
		E70AFF2829AF8BD600B86E0A /* Build configuration list for PBXNativeTarget "CombineStudyAppTests" */ = {
			isa = XCConfigurationList;
			buildConfigurations = (
				E70AFF2929AF8BD600B86E0A /* Debug */,
				E70AFF2A29AF8BD600B86E0A /* Release */,
			);
			defaultConfigurationIsVisible = 0;
			defaultConfigurationName = Release;
		};
		E70AFF2B29AF8BD600B86E0A /* Build configuration list for PBXNativeTarget "CombineStudyAppUITests" */ = {
			isa = XCConfigurationList;
			buildConfigurations = (
				E70AFF2C29AF8BD600B86E0A /* Debug */,
				E70AFF2D29AF8BD600B86E0A /* Release */,
			);
			defaultConfigurationIsVisible = 0;
			defaultConfigurationName = Release;
		};
/* End XCConfigurationList section */

/* Begin XCRemoteSwiftPackageReference section */
		E70AFF2E29AF8CBB00B86E0A /* XCRemoteSwiftPackageReference "Kingfisher" */ = {
			isa = XCRemoteSwiftPackageReference;
			repositoryURL = "https://github.com/onevcat/Kingfisher.git";
			requirement = {
				branch = master;
				kind = branch;
			};
		};
		E7F1CAAC29AF8D5000982C01 /* XCRemoteSwiftPackageReference "RxSwift" */ = {
			isa = XCRemoteSwiftPackageReference;
			repositoryURL = "https://github.com/ReactiveX/RxSwift";
			requirement = {
				branch = main;
				kind = branch;
			};
		};
/* End XCRemoteSwiftPackageReference section */

/* Begin XCSwiftPackageProductDependency section */
		E70AFF2F29AF8CBB00B86E0A /* Kingfisher */ = {
			isa = XCSwiftPackageProductDependency;
			package = E70AFF2E29AF8CBB00B86E0A /* XCRemoteSwiftPackageReference "Kingfisher" */;
			productName = Kingfisher;
		};
		E7F1CAAD29AF8D5000982C01 /* RxBlocking */ = {
			isa = XCSwiftPackageProductDependency;
			package = E7F1CAAC29AF8D5000982C01 /* XCRemoteSwiftPackageReference "RxSwift" */;
			productName = RxBlocking;
		};
		E7F1CAAF29AF8D5000982C01 /* RxCocoa */ = {
			isa = XCSwiftPackageProductDependency;
			package = E7F1CAAC29AF8D5000982C01 /* XCRemoteSwiftPackageReference "RxSwift" */;
			productName = RxCocoa;
		};
		E7F1CAB129AF8D5000982C01 /* RxRelay */ = {
			isa = XCSwiftPackageProductDependency;
			package = E7F1CAAC29AF8D5000982C01 /* XCRemoteSwiftPackageReference "RxSwift" */;
			productName = RxRelay;
		};
		E7F1CAB329AF8D5000982C01 /* RxSwift */ = {
			isa = XCSwiftPackageProductDependency;
			package = E7F1CAAC29AF8D5000982C01 /* XCRemoteSwiftPackageReference "RxSwift" */;
			productName = RxSwift;
		};
/* End XCSwiftPackageProductDependency section */
	};
	rootObject = E70AFEF929AF8BD500B86E0A /* Project object */;
}
